
Microsoft Visual Studio Solution File, Format Version 12.00
# Visual Studio 15
VisualStudioVersion = 15.0.27703.2018
MinimumVisualStudioVersion = 10.0.40219.1
Project("{FAE04EC0-301F-11D3-BF4B-00C04F79EFBC}") = "AspNetCore", "AspNetCore\AspNetCore.csproj", "{39492796-2DAA-4C0C-9B76-07D347FE0B77}"
EndProject
Project("{FAE04EC0-301F-11D3-BF4B-00C04F79EFBC}") = "AspWebApi", "AspWebApi\AspWebApi.csproj", "{797DA199-F743-4BF8-B187-194510DEA5B4}"
EndProject
Project("{FAE04EC0-301F-11D3-BF4B-00C04F79EFBC}") = "AspMvc", "AspMvc\AspMvc.csproj", "{CFAFCF98-8470-40CD-A4C1-49EB1A1FA8DB}"
EndProject
Project("{FAE04EC0-301F-11D3-BF4B-00C04F79EFBC}") = "Services", "Services\Services.csproj", "{C5CE408E-1510-4CFB-8733-FDE27649EA1A}"
EndProject
Global
	GlobalSection(SolutionConfigurationPlatforms) = preSolution
		Debug|Any CPU = Debug|Any CPU
		Release|Any CPU = Release|Any CPU
	EndGlobalSection
	GlobalSection(ProjectConfigurationPlatforms) = postSolution
		{39492796-2DAA-4C0C-9B76-07D347FE0B77}.Debug|Any CPU.ActiveCfg = Debug|Any CPU
		{39492796-2DAA-4C0C-9B76-07D347FE0B77}.Debug|Any CPU.Build.0 = Debug|Any CPU
		{39492796-2DAA-4C0C-9B76-07D347FE0B77}.Release|Any CPU.ActiveCfg = Release|Any CPU
		{39492796-2DAA-4C0C-9B76-07D347FE0B77}.Release|Any CPU.Build.0 = Release|Any CPU
		{797DA199-F743-4BF8-B187-194510DEA5B4}.Debug|Any CPU.ActiveCfg = Debug|Any CPU
		{797DA199-F743-4BF8-B187-194510DEA5B4}.Debug|Any CPU.Build.0 = Debug|Any CPU
		{797DA199-F743-4BF8-B187-194510DEA5B4}.Release|Any CPU.ActiveCfg = Release|Any CPU
		{797DA199-F743-4BF8-B187-194510DEA5B4}.Release|Any CPU.Build.0 = Release|Any CPU
		{CFAFCF98-8470-40CD-A4C1-49EB1A1FA8DB}.Debug|Any CPU.ActiveCfg = Debug|Any CPU
		{CFAFCF98-8470-40CD-A4C1-49EB1A1FA8DB}.Debug|Any CPU.Build.0 = Debug|Any CPU
		{CFAFCF98-8470-40CD-A4C1-49EB1A1FA8DB}.Release|Any CPU.ActiveCfg = Release|Any CPU
		{CFAFCF98-8470-40CD-A4C1-49EB1A1FA8DB}.Release|Any CPU.Build.0 = Release|Any CPU
		{C5CE408E-1510-4CFB-8733-FDE27649EA1A}.Debug|Any CPU.ActiveCfg = Debug|Any CPU
		{C5CE408E-1510-4CFB-8733-FDE27649EA1A}.Debug|Any CPU.Build.0 = Debug|Any CPU
		{C5CE408E-1510-4CFB-8733-FDE27649EA1A}.Release|Any CPU.ActiveCfg = Release|Any CPU
		{C5CE408E-1510-4CFB-8733-FDE27649EA1A}.Release|Any CPU.Build.0 = Release|Any CPU
	EndGlobalSection
	GlobalSection(SolutionProperties) = preSolution
		HideSolutionNode = FALSE
	EndGlobalSection
	GlobalSection(ExtensibilityGlobals) = postSolution
		SolutionGuid = {01A95272-FB8E-47D8-8DCB-35AC8F426168}
	EndGlobalSection
EndGlobal
